
Microsoft Visual Studio Solution File, Format Version 12.00
# Visual Studio Version 17
VisualStudioVersion = 17.1.32319.34
MinimumVisualStudioVersion = 10.0.40219.1
Project("{9A19103F-16F7-4668-BE54-9A1E7A4F7556}") = "Uplink", "Uplink Server\Uplink.csproj", "{65A0D278-7851-4A4C-A7A9-CB953CDC9F59}"
EndProject
Global
	GlobalSection(SolutionConfigurationPlatforms) = preSolution
		Debug|Any CPU = Debug|Any CPU
		Release|Any CPU = Release|Any CPU
	EndGlobalSection
	GlobalSection(ProjectConfigurationPlatforms) = postSolution
		{65A0D278-7851-4A4C-A7A9-CB953CDC9F59}.Debug|Any CPU.ActiveCfg = Debug|Any CPU
		{65A0D278-7851-4A4C-A7A9-CB953CDC9F59}.Debug|Any CPU.Build.0 = Debug|Any CPU
		{65A0D278-7851-4A4C-A7A9-CB953CDC9F59}.Release|Any CPU.ActiveCfg = Release|Any CPU
		{65A0D278-7851-4A4C-A7A9-CB953CDC9F59}.Release|Any CPU.Build.0 = Release|Any CPU
	EndGlobalSection
	GlobalSection(SolutionProperties) = preSolution
		HideSolutionNode = FALSE
	EndGlobalSection
	GlobalSection(ExtensibilityGlobals) = postSolution
		SolutionGuid = {090B9758-A10F-4550-B2EF-C230E48A1970}
	EndGlobalSection
EndGlobal
